{
  "name": "functions",
  "lockfileVersion": 3,
  "requires": true,
  "packages": {
    "": {
      "dependencies": {
        "functions": "file:.."
      }
    },
    "..": {
      "dependencies": {
        "@google/generative-ai": "^0.21.0",
        "firebase-admin": "^12.6.0",
        "firebase-functions": "^5.1.1"
      },
      "engines": {
        "node": "22"
      }
    },
    "node_modules/functions": {
      "resolved": "..",
      "link": true
    }
  }
}
